
Microsoft Visual Studio Solution File, Format Version 12.00
# Visual Studio Version 17
VisualStudioVersion = 17.6.33815.320
MinimumVisualStudioVersion = 10.0.40219.1
Project("{FAE04EC0-301F-11D3-BF4B-00C04F79EFBC}") = "ThetaShop", "ThetaShop.csproj", "{92FD91CD-FCEE-44E5-A339-C234B058015F}"
EndProject
Global
	GlobalSection(SolutionConfigurationPlatforms) = preSolution
		Debug|Any CPU = Debug|Any CPU
		Release|Any CPU = Release|Any CPU
	EndGlobalSection
	GlobalSection(ProjectConfigurationPlatforms) = postSolution
		{92FD91CD-FCEE-44E5-A339-C234B058015F}.Debug|Any CPU.ActiveCfg = Debug|Any CPU
		{92FD91CD-FCEE-44E5-A339-C234B058015F}.Debug|Any CPU.Build.0 = Debug|Any CPU
		{92FD91CD-FCEE-44E5-A339-C234B058015F}.Release|Any CPU.ActiveCfg = Release|Any CPU
		{92FD91CD-FCEE-44E5-A339-C234B058015F}.Release|Any CPU.Build.0 = Release|Any CPU
	EndGlobalSection
	GlobalSection(SolutionProperties) = preSolution
		HideSolutionNode = FALSE
	EndGlobalSection
	GlobalSection(ExtensibilityGlobals) = postSolution
		SolutionGuid = {BB55BA5A-5878-4162-A3A0-4F245D0486B2}
	EndGlobalSection
EndGlobal
